// !$*UTF8*$!
{
	archiveVersion = 1;
	classes = {
	};
	objectVersion = 46;
	objects = {

/* Begin PBXBuildFile section */
		B68FE79B1D5193230000DC04 /* AppDelegate.swift in Sources */ = {isa = PBXBuildFile; fileRef = B68FE79A1D5193230000DC04 /* AppDelegate.swift */; };
		B68FE79D1D5193230000DC04 /* ViewController.swift in Sources */ = {isa = PBXBuildFile; fileRef = B68FE79C1D5193230000DC04 /* ViewController.swift */; };
		B68FE7A01D5193230000DC04 /* Main.storyboard in Resources */ = {isa = PBXBuildFile; fileRef = B68FE79E1D5193230000DC04 /* Main.storyboard */; };
		B68FE7A21D5193230000DC04 /* Assets.xcassets in Resources */ = {isa = PBXBuildFile; fileRef = B68FE7A11D5193230000DC04 /* Assets.xcassets */; };
		B68FE7A51D5193230000DC04 /* LaunchScreen.storyboard in Resources */ = {isa = PBXBuildFile; fileRef = B68FE7A31D5193230000DC04 /* LaunchScreen.storyboard */; };
/* End PBXBuildFile section */

/* Begin PBXFileReference section */
		B68FE7971D5193230000DC04 /* FindYourSize.app */ = {isa = PBXFileReference; explicitFileType = wrapper.application; includeInIndex = 0; path = FindYourSize.app; sourceTree = BUILT_PRODUCTS_DIR; };
		B68FE79A1D5193230000DC04 /* AppDelegate.swift */ = {isa = PBXFileReference; lastKnownFileType = sourcecode.swift; path = AppDelegate.swift; sourceTree = "<group>"; };
		B68FE79C1D5193230000DC04 /* ViewController.swift */ = {isa = PBXFileReference; lastKnownFileType = sourcecode.swift; path = ViewController.swift; sourceTree = "<group>"; };
		B68FE79F1D5193230000DC04 /* Base */ = {isa = PBXFileReference; lastKnownFileType = file.storyboard; name = Base; path = Base.lproj/Main.storyboard; sourceTree = "<group>"; };
		B68FE7A11D5193230000DC04 /* Assets.xcassets */ = {isa = PBXFileReference; lastKnownFileType = folder.assetcatalog; path = Assets.xcassets; sourceTree = "<group>"; };
		B68FE7A41D5193230000DC04 /* Base */ = {isa = PBXFileReference; lastKnownFileType = file.storyboard; name = Base; path = Base.lproj/LaunchScreen.storyboard; sourceTree = "<group>"; };
		B68FE7A61D5193230000DC04 /* Info.plist */ = {isa = PBXFileReference; lastKnownFileType = text.plist.xml; path = Info.plist; sourceTree = "<group>"; };
/* End PBXFileReference section */

/* Begin PBXFrameworksBuildPhase section */
		B68FE7941D5193230000DC04 /* Frameworks */ = {
			isa = PBXFrameworksBuildPhase;
			buildActionMask = 2147483647;
			files = (
			);
			runOnlyForDeploymentPostprocessing = 0;
		};
/* End PBXFrameworksBuildPhase section */

/* Begin PBXGroup section */
		B68FE78E1D5193230000DC04 = {
			isa = PBXGroup;
			children = (
				B68FE7991D5193230000DC04 /* FindYourSize */,
				B68FE7981D5193230000DC04 /* Products */,
			);
			sourceTree = "<group>";
		};
		B68FE7981D5193230000DC04 /* Products */ = {
			isa = PBXGroup;
			children = (
				B68FE7971D5193230000DC04 /* FindYourSize.app */,
			);
			name = Products;
			sourceTree = "<group>";
		};
		B68FE7991D5193230000DC04 /* FindYourSize */ = {
			isa = PBXGroup;
			children = (
				B68FE79A1D5193230000DC04 /* AppDelegate.swift */,
				B68FE79C1D5193230000DC04 /* ViewController.swift */,
				B68FE79E1D5193230000DC04 /* Main.storyboard */,
				B68FE7A11D5193230000DC04 /* Assets.xcassets */,
				B68FE7A31D5193230000DC04 /* LaunchScreen.storyboard */,
				B68FE7A61D5193230000DC04 /* Info.plist */,
			);
			path = FindYourSize;
			sourceTree = "<group>";
		};
/* End PBXGroup section */

/* Begin PBXNativeTarget section */
		B68FE7961D5193230000DC04 /* FindYourSize */ = {
			isa = PBXNativeTarget;
			buildConfigurationList = B68FE7A91D5193230000DC04 /* Build configuration list for PBXNativeTarget "FindYourSize" */;
			buildPhases = (
				B68FE7931D5193230000DC04 /* Sources */,
				B68FE7941D5193230000DC04 /* Frameworks */,
				B68FE7951D5193230000DC04 /* Resources */,
			);
			buildRules = (
			);
			dependencies = (
			);
			name = FindYourSize;
			productName = FindYourSize;
			productReference = B68FE7971D5193230000DC04 /* FindYourSize.app */;
			productType = "com.apple.product-type.application";
		};
/* End PBXNativeTarget section */

/* Begin PBXProject section */
		B68FE78F1D5193230000DC04 /* Project object */ = {
			isa = PBXProject;
			attributes = {
				LastSwiftUpdateCheck = 0730;
				LastUpgradeCheck = 0730;
				ORGANIZATIONNAME = "Ben Goldberg";
				TargetAttributes = {
					B68FE7961D5193230000DC04 = {
						CreatedOnToolsVersion = 7.3.1;
					};
				};
			};
			buildConfigurationList = B68FE7921D5193230000DC04 /* Build configuration list for PBXProject "FindYourSize" */;
			compatibilityVersion = "Xcode 3.2";
			developmentRegion = English;
			hasScannedForEncodings = 0;
			knownRegions = (
				en,
				Base,
			);
			mainGroup = B68FE78E1D5193230000DC04;
			productRefGroup = B68FE7981D5193230000DC04 /* Products */;
			projectDirPath = "";
			projectRoot = "";
			targets = (
				B68FE7961D5193230000DC04 /* FindYourSize */,
			);
		};
/* End PBXProject section */

/* Begin PBXResourcesBuildPhase section */
		B68FE7951D5193230000DC04 /* Resources */ = {
			isa = PBXResourcesBuildPhase;
			buildActionMask = 2147483647;
			files = (
				B68FE7A51D5193230000DC04 /* LaunchScreen.storyboard in Resources */,
				B68FE7A21D5193230000DC04 /* Assets.xcassets in Resources */,
				B68FE7A01D5193230000DC04 /* Main.storyboard in Resources */,
			);
			runOnlyForDeploymentPostprocessing = 0;
		};
/* End PBXResourcesBuildPhase section */

/* Begin PBXSourcesBuildPhase section */
		B68FE7931D5193230000DC04 /* Sources */ = {
			isa = PBXSourcesBuildPhase;
			buildActionMask = 2147483647;
			files = (
				B68FE79D1D5193230000DC04 /* ViewController.swift in Sources */,
				B68FE79B1D5193230000DC04 /* AppDelegate.swift in Sources */,
			);
			runOnlyForDeploymentPostprocessing = 0;
		};
/* End PBXSourcesBuildPhase section */

/* Begin PBXVariantGroup section */
		B68FE79E1D5193230000DC04 /* Main.storyboard */ = {
			isa = PBXVariantGroup;
			children = (
				B68FE79F1D5193230000DC04 /* Base */,
			);
			name = Main.storyboard;
			sourceTree = "<group>";
		};
		B68FE7A31D5193230000DC04 /* LaunchScreen.storyboard */ = {
			isa = PBXVariantGroup;
			children = (
				B68FE7A41D5193230000DC04 /* Base */,
			);
			name = LaunchScreen.storyboard;
			sourceTree = "<group>";
		};
/* End PBXVariantGroup section */

/* Begin XCBuildConfiguration section */
		B68FE7A71D5193230000DC04 /* Debug */ = {
			isa = XCBuildConfiguration;
			buildSettings = {
				ALWAYS_SEARCH_USER_PATHS = NO;
				CLANG_ANALYZER_NONNULL = YES;
				CLANG_CXX_LANGUAGE_STANDARD = "gnu++0x";
				CLANG_CXX_LIBRARY = "libc++";
				CLANG_ENABLE_MODULES = YES;
				CLANG_ENABLE_OBJC_ARC = YES;
				CLANG_WARN_BOOL_CONVERSION = YES;
				CLANG_WARN_CONSTANT_CONVERSION = YES;
				CLANG_WARN_DIRECT_OBJC_ISA_USAGE = YES_ERROR;
				CLANG_WARN_EMPTY_BODY = YES;
				CLANG_WARN_ENUM_CONVERSION = YES;
				CLANG_WARN_INT_CONVERSION = YES;
				CLANG_WARN_OBJC_ROOT_CLASS = YES_ERROR;
				CLANG_WARN_UNREACHABLE_CODE = YES;
				CLANG_WARN__DUPLICATE_METHOD_MATCH = YES;
				"CODE_SIGN_IDENTITY[sdk=iphoneos*]" = "iPhone Developer";
				COPY_PHASE_STRIP = NO;
				DEBUG_INFORMATION_FORMAT = dwarf;
				ENABLE_STRICT_OBJC_MSGSEND = YES;
				ENABLE_TESTABILITY = YES;
				GCC_C_LANGUAGE_STANDARD = gnu99;
				GCC_DYNAMIC_NO_PIC = NO;
				GCC_NO_COMMON_BLOCKS = YES;
				GCC_OPTIMIZATION_LEVEL = 0;
				GCC_PREPROCESSOR_DEFINITIONS = (
					"DEBUG=1",
					"$(inherited)",
				);
				GCC_WARN_64_TO_32_BIT_CONVERSION = YES;
				GCC_WARN_ABOUT_RETURN_TYPE = YES_ERROR;
				GCC_WARN_UNDECLARED_SELECTOR = YES;
				GCC_WARN_UNINITIALIZED_AUTOS = YES_AGGRESSIVE;
				GCC_WARN_UNUSED_FUNCTION = YES;
				GCC_WARN_UNUSED_VARIABLE = YES;
				IPHONEOS_DEPLOYMENT_TARGET = 9.3;
				MTL_ENABLE_DEBUG_INFO = YES;
				ONLY_ACTIVE_ARCH = YES;
				SDKROOT = iphoneos;
				SWIFT_OPTIMIZATION_LEVEL = "-Onone";
				TARGETED_DEVICE_FAMILY = "1,2";
			};
			name = Debug;
		};
		B68FE7A81D5193230000DC04 /* Release */ = {
			isa = XCBuildConfiguration;
			buildSettings = {
				ALWAYS_SEARCH_USER_PATHS = NO;
				CLANG_ANALYZER_NONNULL = YES;
				CLANG_CXX_LANGUAGE_STANDARD = "gnu++0x";
				CLANG_CXX_LIBRARY = "libc++";
				CLANG_ENABLE_MODULES = YES;
				CLANG_ENABLE_OBJC_ARC = YES;
				CLANG_WARN_BOOL_CONVERSION = YES;
				CLANG_WARN_CONSTANT_CONVERSION = YES;
				CLANG_WARN_DIRECT_OBJC_ISA_USAGE = YES_ERROR;
				CLANG_WARN_EMPTY_BODY = YES;
				CLANG_WARN_ENUM_CONVERSION = YES;
				CLANG_WARN_INT_CONVERSION = YES;
				CLANG_WARN_OBJC_ROOT_CLASS = YES_ERROR;
				CLANG_WARN_UNREACHABLE_CODE = YES;
				CLANG_WARN__DUPLICATE_METHOD_MATCH = YES;
				"CODE_SIGN_IDENTITY[sdk=iphoneos*]" = "iPhone Developer";
				COPY_PHASE_STRIP = NO;
				DEBUG_INFORMATION_FORMAT = "dwarf-with-dsym";
				ENABLE_NS_ASSERTIONS = NO;
				ENABLE_STRICT_OBJC_MSGSEND = YES;
				GCC_C_LANGUAGE_STANDARD = gnu99;
				GCC_NO_COMMON_BLOCKS = YES;
				GCC_WARN_64_TO_32_BIT_CONVERSION = YES;
				GCC_WARN_ABOUT_RETURN_TYPE = YES_ERROR;
				GCC_WARN_UNDECLARED_SELECTOR = YES;
				GCC_WARN_UNINITIALIZED_AUTOS = YES_AGGRESSIVE;
				GCC_WARN_UNUSED_FUNCTION = YES;
				GCC_WARN_UNUSED_VARIABLE = YES;
				IPHONEOS_DEPLOYMENT_TARGET = 9.3;
				MTL_ENABLE_DEBUG_INFO = NO;
				SDKROOT = iphoneos;
				TARGETED_DEVICE_FAMILY = "1,2";
				VALIDATE_PRODUCT = YES;
			};
			name = Release;
		};
		B68FE7AA1D5193230000DC04 /* Debug */ = {
			isa = XCBuildConfiguration;
			buildSettings = {
				ASSETCATALOG_COMPILER_APPICON_NAME = AppIcon;
				INFOPLIST_FILE = FindYourSize/Info.plist;
				LD_RUNPATH_SEARCH_PATHS = "$(inherited) @executable_path/Frameworks";
				PRODUCT_BUNDLE_IDENTIFIER = com.bengoldberg.FindYourSize;
				PRODUCT_NAME = "$(TARGET_NAME)";
			};
			name = Debug;
		};
		B68FE7AB1D5193230000DC04 /* Release */ = {
			isa = XCBuildConfiguration;
			buildSettings = {
				ASSETCATALOG_COMPILER_APPICON_NAME = AppIcon;
				INFOPLIST_FILE = FindYourSize/Info.plist;
				LD_RUNPATH_SEARCH_PATHS = "$(inherited) @executable_path/Frameworks";
				PRODUCT_BUNDLE_IDENTIFIER = com.bengoldberg.FindYourSize;
				PRODUCT_NAME = "$(TARGET_NAME)";
			};
			name = Release;
		};
/* End XCBuildConfiguration section */

/* Begin XCConfigurationList section */
		B68FE7921D5193230000DC04 /* Build configuration list for PBXProject "FindYourSize" */ = {
			isa = XCConfigurationList;
			buildConfigurations = (
				B68FE7A71D5193230000DC04 /* Debug */,
				B68FE7A81D5193230000DC04 /* Release */,
			);
			defaultConfigurationIsVisible = 0;
			defaultConfigurationName = Release;
		};
		B68FE7A91D5193230000DC04 /* Build configuration list for PBXNativeTarget "FindYourSize" */ = {
			isa = XCConfigurationList;
			buildConfigurations = (
				B68FE7AA1D5193230000DC04 /* Debug */,
				B68FE7AB1D5193230000DC04 /* Release */,
			);
			defaultConfigurationIsVisible = 0;
		};
/* End XCConfigurationList section */
	};
	rootObject = B68FE78F1D5193230000DC04 /* Project object */;
}
